
Microsoft Visual Studio Solution File, Format Version 12.00
# Visual Studio 15
VisualStudioVersion = 15.0.28307.539
MinimumVisualStudioVersion = 10.0.40219.1
Project("{FAE04EC0-301F-11D3-BF4B-00C04F79EFBC}") = "TestGit3", "TestGit3\TestGit3.csproj", "{49CED6DF-14AE-467C-8931-ECD37704952B}"
EndProject
Global
	GlobalSection(SolutionConfigurationPlatforms) = preSolution
		Debug|Any CPU = Debug|Any CPU
		Release|Any CPU = Release|Any CPU
	EndGlobalSection
	GlobalSection(ProjectConfigurationPlatforms) = postSolution
		{49CED6DF-14AE-467C-8931-ECD37704952B}.Debug|Any CPU.ActiveCfg = Debug|Any CPU
		{49CED6DF-14AE-467C-8931-ECD37704952B}.Debug|Any CPU.Build.0 = Debug|Any CPU
		{49CED6DF-14AE-467C-8931-ECD37704952B}.Release|Any CPU.ActiveCfg = Release|Any CPU
		{49CED6DF-14AE-467C-8931-ECD37704952B}.Release|Any CPU.Build.0 = Release|Any CPU
	EndGlobalSection
	GlobalSection(SolutionProperties) = preSolution
		HideSolutionNode = FALSE
	EndGlobalSection
	GlobalSection(ExtensibilityGlobals) = postSolution
		SolutionGuid = {609F223C-2B95-4046-BE33-EEDDD24927C9}
	EndGlobalSection
EndGlobal
